# This file is automatically @generated by Cargo.
# It is not intended for manual editing.
version = 3

[[package]]
name = "airproxy"
version = "0.1.0"

[[package]]
name = "airproxy-anthropic"
version = "0.1.0"

[[package]]
name = "airproxy-config"
version = "0.1.0"

[[package]]
name = "airproxy-core"
version = "0.1.0"

[[package]]
name = "airproxy-http"
version = "0.1.0"

[[package]]
name = "airproxy-openai"
version = "0.1.0"

[[package]]
name = "airproxy-provider"
version = "0.1.0"

[[package]]
name = "airproxy-stages"
version = "0.1.0"
